
Microsoft Visual Studio Solution File, Format Version 12.00
# Visual Studio Version 17
VisualStudioVersion = 17.0.32126.317
MinimumVisualStudioVersion = 10.0.40219.1
Project("{FAE04EC0-301F-11D3-BF4B-00C04F79EFBC}") = "SFingerPrint", "SFingerPrint\SFingerPrint.csproj", "{B90997DB-929C-46E8-9D52-7B93A9A32860}"
EndProject
Global
	GlobalSection(SolutionConfigurationPlatforms) = preSolution
		Debug|Any CPU = Debug|Any CPU
		Release|Any CPU = Release|Any CPU
	EndGlobalSection
	GlobalSection(ProjectConfigurationPlatforms) = postSolution
		{B90997DB-929C-46E8-9D52-7B93A9A32860}.Debug|Any CPU.ActiveCfg = Debug|Any CPU
		{B90997DB-929C-46E8-9D52-7B93A9A32860}.Debug|Any CPU.Build.0 = Debug|Any CPU
		{B90997DB-929C-46E8-9D52-7B93A9A32860}.Release|Any CPU.ActiveCfg = Release|Any CPU
		{B90997DB-929C-46E8-9D52-7B93A9A32860}.Release|Any CPU.Build.0 = Release|Any CPU
	EndGlobalSection
	GlobalSection(SolutionProperties) = preSolution
		HideSolutionNode = FALSE
	EndGlobalSection
	GlobalSection(ExtensibilityGlobals) = postSolution
		SolutionGuid = {BE8974FD-55EA-4A7E-A453-73838D1A11A1}
	EndGlobalSection
EndGlobal
