
Microsoft Visual Studio Solution File, Format Version 12.00
# Visual Studio Version 17
VisualStudioVersion = 17.0.32126.317
MinimumVisualStudioVersion = 10.0.40219.1
Project("{FAE04EC0-301F-11D3-BF4B-00C04F79EFBC}") = "capp", "capp\capp.csproj", "{1261A31B-04D2-4527-91BC-8C35E0DEFF9A}"
EndProject
Global
	GlobalSection(SolutionConfigurationPlatforms) = preSolution
		Debug|Any CPU = Debug|Any CPU
		Release|Any CPU = Release|Any CPU
	EndGlobalSection
	GlobalSection(ProjectConfigurationPlatforms) = postSolution
		{1261A31B-04D2-4527-91BC-8C35E0DEFF9A}.Debug|Any CPU.ActiveCfg = Debug|Any CPU
		{1261A31B-04D2-4527-91BC-8C35E0DEFF9A}.Debug|Any CPU.Build.0 = Debug|Any CPU
		{1261A31B-04D2-4527-91BC-8C35E0DEFF9A}.Release|Any CPU.ActiveCfg = Release|Any CPU
		{1261A31B-04D2-4527-91BC-8C35E0DEFF9A}.Release|Any CPU.Build.0 = Release|Any CPU
	EndGlobalSection
	GlobalSection(SolutionProperties) = preSolution
		HideSolutionNode = FALSE
	EndGlobalSection
	GlobalSection(ExtensibilityGlobals) = postSolution
		SolutionGuid = {8F7BAE56-C899-4669-832D-4938D67C471D}
	EndGlobalSection
EndGlobal
